
Microsoft Visual Studio Solution File, Format Version 12.00
# Visual Studio 15
VisualStudioVersion = 15.0.28307.1500
MinimumVisualStudioVersion = 10.0.40219.1
Project("{8BC9CEB8-8B4A-11D0-8D11-00A0C91BC942}") = "MedianFilter", "MedianFilter.vcxproj", "{25FC7592-39A3-4420-8D15-E3A4A43C00F2}"
EndProject
Global
	GlobalSection(SolutionConfigurationPlatforms) = preSolution
		Debug|x64 = Debug|x64
		Debug|x86 = Debug|x86
		Release|x64 = Release|x64
		Release|x86 = Release|x86
	EndGlobalSection
	GlobalSection(ProjectConfigurationPlatforms) = postSolution
		{25FC7592-39A3-4420-8D15-E3A4A43C00F2}.Debug|x64.ActiveCfg = Debug|x64
		{25FC7592-39A3-4420-8D15-E3A4A43C00F2}.Debug|x64.Build.0 = Debug|x64
		{25FC7592-39A3-4420-8D15-E3A4A43C00F2}.Debug|x86.ActiveCfg = Debug|Win32
		{25FC7592-39A3-4420-8D15-E3A4A43C00F2}.Debug|x86.Build.0 = Debug|Win32
		{25FC7592-39A3-4420-8D15-E3A4A43C00F2}.Release|x64.ActiveCfg = Release|x64
		{25FC7592-39A3-4420-8D15-E3A4A43C00F2}.Release|x64.Build.0 = Release|x64
		{25FC7592-39A3-4420-8D15-E3A4A43C00F2}.Release|x86.ActiveCfg = Release|Win32
		{25FC7592-39A3-4420-8D15-E3A4A43C00F2}.Release|x86.Build.0 = Release|Win32
	EndGlobalSection
	GlobalSection(SolutionProperties) = preSolution
		HideSolutionNode = FALSE
	EndGlobalSection
	GlobalSection(ExtensibilityGlobals) = postSolution
		SolutionGuid = {53114B1F-B1EC-48B5-8977-BD68F23EB212}
	EndGlobalSection
EndGlobal
